{
  "version": 4,
  "terraform_version": "0.12.24",
  "serial": 1,
  "lineage": "95bc0e26-3abb-417b-a4de-58585d7e8265",
  "outputs": {},
  "resources": [
    {
      "mode": "managed",
      "type": "azurerm_resource_group",
      "name": "demo_org",
      "provider": "provider.azurerm",
      "instances": [
        {
          "schema_version": 0,
          "attributes": {
            "id": "/subscriptions/b1a20e19-5cc8-4d0c-b3c5-88a6f5e9ed40/resourceGroups/DemoSreeResourceGroup121",
            "location": "eastus",
            "name": "DemoSreeResourceGroup121",
            "tags": {
              "environment": "QA"
            },
            "timeouts": null
          },
          "private": "eyJlMmJmYjczMC1lY2FhLTExZTYtOGY4OC0zNDM2M2JjN2M0YzAiOnsiY3JlYXRlIjo1NDAwMDAwMDAwMDAwLCJkZWxldGUiOjU0MDAwMDAwMDAwMDAsInJlYWQiOjMwMDAwMDAwMDAwMCwidXBkYXRlIjo1NDAwMDAwMDAwMDAwfX0="
        }
      ]
    }
  ]
}
